// !$*UTF8*$!
{
	archiveVersion = 1;
	classes = {
	};
	objectVersion = 50;
	objects = {

/* Begin PBXBuildFile section */
		FAB2A6E22445FD0A00C49E06 /* AyuGateAppDelegate.swift in Sources */ = {isa = PBXBuildFile; fileRef = FAB2A6E12445FD0A00C49E06 /* AyuGateAppDelegate.swift */; };
		FAB2A6E62445FD0A00C49E06 /* DebugComponentsViewController.swift in Sources */ = {isa = PBXBuildFile; fileRef = FAB2A6E52445FD0A00C49E06 /* DebugComponentsViewController.swift */; };
		FAB2A6EB2445FD0E00C49E06 /* Assets.xcassets in Resources */ = {isa = PBXBuildFile; fileRef = FAB2A6EA2445FD0E00C49E06 /* Assets.xcassets */; };
		FAB2A6EE2445FD0E00C49E06 /* LaunchScreen.storyboard in Resources */ = {isa = PBXBuildFile; fileRef = FAB2A6EC2445FD0E00C49E06 /* LaunchScreen.storyboard */; };
		FAB2A6F724460BE800C49E06 /* AYUSpinnerView.swift in Sources */ = {isa = PBXBuildFile; fileRef = FAB2A6F624460BE800C49E06 /* AYUSpinnerView.swift */; };
		FAB2A6F924460EAC00C49E06 /* AYUTextField.swift in Sources */ = {isa = PBXBuildFile; fileRef = FAB2A6F824460EAC00C49E06 /* AYUTextField.swift */; };
		FAB2A6FB2446100800C49E06 /* AYUButton.swift in Sources */ = {isa = PBXBuildFile; fileRef = FAB2A6FA2446100800C49E06 /* AYUButton.swift */; };
		FAB2A6FE24462FD700C49E06 /* UIColor+extensions.swift in Sources */ = {isa = PBXBuildFile; fileRef = FAB2A6FD24462FD700C49E06 /* UIColor+extensions.swift */; };
		FAB2A70A2447A33D00C49E06 /* AYULogoLabel.swift in Sources */ = {isa = PBXBuildFile; fileRef = FAB2A7092447A33D00C49E06 /* AYULogoLabel.swift */; };
		FAB2A70C2447A9AA00C49E06 /* AYUInvoiceDiscountBar.swift in Sources */ = {isa = PBXBuildFile; fileRef = FAB2A70B2447A9AA00C49E06 /* AYUInvoiceDiscountBar.swift */; };
		FAB2A70F2447AD0400C49E06 /* InvoiceDiscountBarModel.swift in Sources */ = {isa = PBXBuildFile; fileRef = FAB2A70E2447AD0400C49E06 /* InvoiceDiscountBarModel.swift */; };
		FAB2A7112447BF7200C49E06 /* AYUCustomBarView.swift in Sources */ = {isa = PBXBuildFile; fileRef = FAB2A7102447BF7200C49E06 /* AYUCustomBarView.swift */; };
		FAD51075244925D900B224AF /* AppFlow.swift in Sources */ = {isa = PBXBuildFile; fileRef = FAD51074244925D900B224AF /* AppFlow.swift */; };
		FAD510782449299600B224AF /* CpfRegisterViewController.swift in Sources */ = {isa = PBXBuildFile; fileRef = FAD510772449299600B224AF /* CpfRegisterViewController.swift */; };
		FAD5107A24492CAB00B224AF /* AYUViewController.swift in Sources */ = {isa = PBXBuildFile; fileRef = FAD5107924492CAB00B224AF /* AYUViewController.swift */; };
		FAD5107C2449318200B224AF /* AYUCPFFormView.swift in Sources */ = {isa = PBXBuildFile; fileRef = FAD5107B2449318200B224AF /* AYUCPFFormView.swift */; };
		FAD5107E24493B5900B224AF /* Strings+extensions.swift in Sources */ = {isa = PBXBuildFile; fileRef = FAD5107D24493B5900B224AF /* Strings+extensions.swift */; };
		FAD51084244A603500B224AF /* UIView+extensions.swift in Sources */ = {isa = PBXBuildFile; fileRef = FAD51083244A603500B224AF /* UIView+extensions.swift */; };
		FAD51086244A610C00B224AF /* AYUFormViewController.swift in Sources */ = {isa = PBXBuildFile; fileRef = FAD51085244A610C00B224AF /* AYUFormViewController.swift */; };
		FAD51088244A6A3500B224AF /* RegisterFlowController.swift in Sources */ = {isa = PBXBuildFile; fileRef = FAD51087244A6A3500B224AF /* RegisterFlowController.swift */; };
/* End PBXBuildFile section */

/* Begin PBXFileReference section */
		FAB2A6DE2445FD0A00C49E06 /* AyuGate.app */ = {isa = PBXFileReference; explicitFileType = wrapper.application; includeInIndex = 0; path = AyuGate.app; sourceTree = BUILT_PRODUCTS_DIR; };
		FAB2A6E12445FD0A00C49E06 /* AyuGateAppDelegate.swift */ = {isa = PBXFileReference; lastKnownFileType = sourcecode.swift; path = AyuGateAppDelegate.swift; sourceTree = "<group>"; };
		FAB2A6E52445FD0A00C49E06 /* DebugComponentsViewController.swift */ = {isa = PBXFileReference; lastKnownFileType = sourcecode.swift; path = DebugComponentsViewController.swift; sourceTree = "<group>"; };
		FAB2A6EA2445FD0E00C49E06 /* Assets.xcassets */ = {isa = PBXFileReference; lastKnownFileType = folder.assetcatalog; path = Assets.xcassets; sourceTree = "<group>"; };
		FAB2A6ED2445FD0E00C49E06 /* Base */ = {isa = PBXFileReference; lastKnownFileType = file.storyboard; name = Base; path = Base.lproj/LaunchScreen.storyboard; sourceTree = "<group>"; };
		FAB2A6EF2445FD0E00C49E06 /* Info.plist */ = {isa = PBXFileReference; lastKnownFileType = text.plist.xml; path = Info.plist; sourceTree = "<group>"; };
		FAB2A6F624460BE800C49E06 /* AYUSpinnerView.swift */ = {isa = PBXFileReference; lastKnownFileType = sourcecode.swift; path = AYUSpinnerView.swift; sourceTree = "<group>"; };
		FAB2A6F824460EAC00C49E06 /* AYUTextField.swift */ = {isa = PBXFileReference; lastKnownFileType = sourcecode.swift; path = AYUTextField.swift; sourceTree = "<group>"; };
		FAB2A6FA2446100800C49E06 /* AYUButton.swift */ = {isa = PBXFileReference; lastKnownFileType = sourcecode.swift; path = AYUButton.swift; sourceTree = "<group>"; };
		FAB2A6FD24462FD700C49E06 /* UIColor+extensions.swift */ = {isa = PBXFileReference; lastKnownFileType = sourcecode.swift; path = "UIColor+extensions.swift"; sourceTree = "<group>"; };
		FAB2A7092447A33D00C49E06 /* AYULogoLabel.swift */ = {isa = PBXFileReference; lastKnownFileType = sourcecode.swift; path = AYULogoLabel.swift; sourceTree = "<group>"; };
		FAB2A70B2447A9AA00C49E06 /* AYUInvoiceDiscountBar.swift */ = {isa = PBXFileReference; lastKnownFileType = sourcecode.swift; path = AYUInvoiceDiscountBar.swift; sourceTree = "<group>"; };
		FAB2A70E2447AD0400C49E06 /* InvoiceDiscountBarModel.swift */ = {isa = PBXFileReference; lastKnownFileType = sourcecode.swift; path = InvoiceDiscountBarModel.swift; sourceTree = "<group>"; };
		FAB2A7102447BF7200C49E06 /* AYUCustomBarView.swift */ = {isa = PBXFileReference; lastKnownFileType = sourcecode.swift; path = AYUCustomBarView.swift; sourceTree = "<group>"; };
		FAD51074244925D900B224AF /* AppFlow.swift */ = {isa = PBXFileReference; lastKnownFileType = sourcecode.swift; path = AppFlow.swift; sourceTree = "<group>"; };
		FAD510772449299600B224AF /* CpfRegisterViewController.swift */ = {isa = PBXFileReference; lastKnownFileType = sourcecode.swift; path = CpfRegisterViewController.swift; sourceTree = "<group>"; };
		FAD5107924492CAB00B224AF /* AYUViewController.swift */ = {isa = PBXFileReference; lastKnownFileType = sourcecode.swift; path = AYUViewController.swift; sourceTree = "<group>"; };
		FAD5107B2449318200B224AF /* AYUCPFFormView.swift */ = {isa = PBXFileReference; lastKnownFileType = sourcecode.swift; path = AYUCPFFormView.swift; sourceTree = "<group>"; };
		FAD5107D24493B5900B224AF /* Strings+extensions.swift */ = {isa = PBXFileReference; lastKnownFileType = sourcecode.swift; path = "Strings+extensions.swift"; sourceTree = "<group>"; };
		FAD51083244A603500B224AF /* UIView+extensions.swift */ = {isa = PBXFileReference; lastKnownFileType = sourcecode.swift; path = "UIView+extensions.swift"; sourceTree = "<group>"; };
		FAD51085244A610C00B224AF /* AYUFormViewController.swift */ = {isa = PBXFileReference; lastKnownFileType = sourcecode.swift; path = AYUFormViewController.swift; sourceTree = "<group>"; };
		FAD51087244A6A3500B224AF /* RegisterFlowController.swift */ = {isa = PBXFileReference; lastKnownFileType = sourcecode.swift; path = RegisterFlowController.swift; sourceTree = "<group>"; };
/* End PBXFileReference section */

/* Begin PBXFrameworksBuildPhase section */
		FAB2A6DB2445FD0A00C49E06 /* Frameworks */ = {
			isa = PBXFrameworksBuildPhase;
			buildActionMask = 2147483647;
			files = (
			);
			runOnlyForDeploymentPostprocessing = 0;
		};
/* End PBXFrameworksBuildPhase section */

/* Begin PBXGroup section */
		FAB2A6D52445FD0A00C49E06 = {
			isa = PBXGroup;
			children = (
				FAB2A6E02445FD0A00C49E06 /* AyuGate */,
				FAB2A6DF2445FD0A00C49E06 /* Products */,
			);
			sourceTree = "<group>";
		};
		FAB2A6DF2445FD0A00C49E06 /* Products */ = {
			isa = PBXGroup;
			children = (
				FAB2A6DE2445FD0A00C49E06 /* AyuGate.app */,
			);
			name = Products;
			sourceTree = "<group>";
		};
		FAB2A6E02445FD0A00C49E06 /* AyuGate */ = {
			isa = PBXGroup;
			children = (
				FAB2A6E12445FD0A00C49E06 /* AyuGateAppDelegate.swift */,
				FAB2A6E52445FD0A00C49E06 /* DebugComponentsViewController.swift */,
				FAD5107924492CAB00B224AF /* AYUViewController.swift */,
				FAD510762449298200B224AF /* Register */,
				FAD51074244925D900B224AF /* AppFlow.swift */,
				FAB2A6FC24462FBF00C49E06 /* Extensions */,
				FAB2A6F524460B6100C49E06 /* Components */,
				FAB2A6EA2445FD0E00C49E06 /* Assets.xcassets */,
				FAB2A6EC2445FD0E00C49E06 /* LaunchScreen.storyboard */,
				FAB2A6EF2445FD0E00C49E06 /* Info.plist */,
			);
			path = AyuGate;
			sourceTree = "<group>";
		};
		FAB2A6F524460B6100C49E06 /* Components */ = {
			isa = PBXGroup;
			children = (
				FAB2A6F624460BE800C49E06 /* AYUSpinnerView.swift */,
				FAB2A6F824460EAC00C49E06 /* AYUTextField.swift */,
				FAB2A7092447A33D00C49E06 /* AYULogoLabel.swift */,
				FAB2A6FA2446100800C49E06 /* AYUButton.swift */,
				FAB2A70D2447ACDB00C49E06 /* InvoiceDiscountBar */,
			);
			path = Components;
			sourceTree = "<group>";
		};
		FAB2A6FC24462FBF00C49E06 /* Extensions */ = {
			isa = PBXGroup;
			children = (
				FAB2A6FD24462FD700C49E06 /* UIColor+extensions.swift */,
				FAD51083244A603500B224AF /* UIView+extensions.swift */,
				FAD5107D24493B5900B224AF /* Strings+extensions.swift */,
			);
			path = Extensions;
			sourceTree = "<group>";
		};
		FAB2A70D2447ACDB00C49E06 /* InvoiceDiscountBar */ = {
			isa = PBXGroup;
			children = (
				FAB2A70B2447A9AA00C49E06 /* AYUInvoiceDiscountBar.swift */,
				FAB2A7102447BF7200C49E06 /* AYUCustomBarView.swift */,
				FAB2A70E2447AD0400C49E06 /* InvoiceDiscountBarModel.swift */,
			);
			path = InvoiceDiscountBar;
			sourceTree = "<group>";
		};
		FAD510762449298200B224AF /* Register */ = {
			isa = PBXGroup;
			children = (
				FAD510772449299600B224AF /* CpfRegisterViewController.swift */,
				FAD5107B2449318200B224AF /* AYUCPFFormView.swift */,
				FAD51087244A6A3500B224AF /* RegisterFlowController.swift */,
				FAD51085244A610C00B224AF /* AYUFormViewController.swift */,
			);
			path = Register;
			sourceTree = "<group>";
		};
/* End PBXGroup section */

/* Begin PBXNativeTarget section */
		FAB2A6DD2445FD0A00C49E06 /* AyuGate */ = {
			isa = PBXNativeTarget;
			buildConfigurationList = FAB2A6F22445FD0E00C49E06 /* Build configuration list for PBXNativeTarget "AyuGate" */;
			buildPhases = (
				FAB2A6DA2445FD0A00C49E06 /* Sources */,
				FAB2A6DB2445FD0A00C49E06 /* Frameworks */,
				FAB2A6DC2445FD0A00C49E06 /* Resources */,
			);
			buildRules = (
			);
			dependencies = (
			);
			name = AyuGate;
			productName = AyuGate;
			productReference = FAB2A6DE2445FD0A00C49E06 /* AyuGate.app */;
			productType = "com.apple.product-type.application";
		};
/* End PBXNativeTarget section */

/* Begin PBXProject section */
		FAB2A6D62445FD0A00C49E06 /* Project object */ = {
			isa = PBXProject;
			attributes = {
				LastSwiftUpdateCheck = 1130;
				LastUpgradeCheck = 1130;
				ORGANIZATIONNAME = AyuGate;
				TargetAttributes = {
					FAB2A6DD2445FD0A00C49E06 = {
						CreatedOnToolsVersion = 11.3.1;
					};
				};
			};
			buildConfigurationList = FAB2A6D92445FD0A00C49E06 /* Build configuration list for PBXProject "AyuGate" */;
			compatibilityVersion = "Xcode 9.3";
			developmentRegion = en;
			hasScannedForEncodings = 0;
			knownRegions = (
				en,
				Base,
			);
			mainGroup = FAB2A6D52445FD0A00C49E06;
			productRefGroup = FAB2A6DF2445FD0A00C49E06 /* Products */;
			projectDirPath = "";
			projectRoot = "";
			targets = (
				FAB2A6DD2445FD0A00C49E06 /* AyuGate */,
			);
		};
/* End PBXProject section */

/* Begin PBXResourcesBuildPhase section */
		FAB2A6DC2445FD0A00C49E06 /* Resources */ = {
			isa = PBXResourcesBuildPhase;
			buildActionMask = 2147483647;
			files = (
				FAB2A6EE2445FD0E00C49E06 /* LaunchScreen.storyboard in Resources */,
				FAB2A6EB2445FD0E00C49E06 /* Assets.xcassets in Resources */,
			);
			runOnlyForDeploymentPostprocessing = 0;
		};
/* End PBXResourcesBuildPhase section */

/* Begin PBXSourcesBuildPhase section */
		FAB2A6DA2445FD0A00C49E06 /* Sources */ = {
			isa = PBXSourcesBuildPhase;
			buildActionMask = 2147483647;
			files = (
				FAD510782449299600B224AF /* CpfRegisterViewController.swift in Sources */,
				FAB2A6E62445FD0A00C49E06 /* DebugComponentsViewController.swift in Sources */,
				FAD5107E24493B5900B224AF /* Strings+extensions.swift in Sources */,
				FAD51075244925D900B224AF /* AppFlow.swift in Sources */,
				FAB2A70C2447A9AA00C49E06 /* AYUInvoiceDiscountBar.swift in Sources */,
				FAD5107C2449318200B224AF /* AYUCPFFormView.swift in Sources */,
				FAD51084244A603500B224AF /* UIView+extensions.swift in Sources */,
				FAB2A7112447BF7200C49E06 /* AYUCustomBarView.swift in Sources */,
				FAB2A6F924460EAC00C49E06 /* AYUTextField.swift in Sources */,
				FAD5107A24492CAB00B224AF /* AYUViewController.swift in Sources */,
				FAB2A6F724460BE800C49E06 /* AYUSpinnerView.swift in Sources */,
				FAB2A70F2447AD0400C49E06 /* InvoiceDiscountBarModel.swift in Sources */,
				FAB2A6FB2446100800C49E06 /* AYUButton.swift in Sources */,
				FAB2A6E22445FD0A00C49E06 /* AyuGateAppDelegate.swift in Sources */,
				FAB2A70A2447A33D00C49E06 /* AYULogoLabel.swift in Sources */,
				FAD51086244A610C00B224AF /* AYUFormViewController.swift in Sources */,
				FAD51088244A6A3500B224AF /* RegisterFlowController.swift in Sources */,
				FAB2A6FE24462FD700C49E06 /* UIColor+extensions.swift in Sources */,
			);
			runOnlyForDeploymentPostprocessing = 0;
		};
/* End PBXSourcesBuildPhase section */

/* Begin PBXVariantGroup section */
		FAB2A6EC2445FD0E00C49E06 /* LaunchScreen.storyboard */ = {
			isa = PBXVariantGroup;
			children = (
				FAB2A6ED2445FD0E00C49E06 /* Base */,
			);
			name = LaunchScreen.storyboard;
			sourceTree = "<group>";
		};
/* End PBXVariantGroup section */

/* Begin XCBuildConfiguration section */
		FAB2A6F02445FD0E00C49E06 /* Debug */ = {
			isa = XCBuildConfiguration;
			buildSettings = {
				ALWAYS_SEARCH_USER_PATHS = NO;
				CLANG_ANALYZER_NONNULL = YES;
				CLANG_ANALYZER_NUMBER_OBJECT_CONVERSION = YES_AGGRESSIVE;
				CLANG_CXX_LANGUAGE_STANDARD = "gnu++14";
				CLANG_CXX_LIBRARY = "libc++";
				CLANG_ENABLE_MODULES = YES;
				CLANG_ENABLE_OBJC_ARC = YES;
				CLANG_ENABLE_OBJC_WEAK = YES;
				CLANG_WARN_BLOCK_CAPTURE_AUTORELEASING = YES;
				CLANG_WARN_BOOL_CONVERSION = YES;
				CLANG_WARN_COMMA = YES;
				CLANG_WARN_CONSTANT_CONVERSION = YES;
				CLANG_WARN_DEPRECATED_OBJC_IMPLEMENTATIONS = YES;
				CLANG_WARN_DIRECT_OBJC_ISA_USAGE = YES_ERROR;
				CLANG_WARN_DOCUMENTATION_COMMENTS = YES;
				CLANG_WARN_EMPTY_BODY = YES;
				CLANG_WARN_ENUM_CONVERSION = YES;
				CLANG_WARN_INFINITE_RECURSION = YES;
				CLANG_WARN_INT_CONVERSION = YES;
				CLANG_WARN_NON_LITERAL_NULL_CONVERSION = YES;
				CLANG_WARN_OBJC_IMPLICIT_RETAIN_SELF = YES;
				CLANG_WARN_OBJC_LITERAL_CONVERSION = YES;
				CLANG_WARN_OBJC_ROOT_CLASS = YES_ERROR;
				CLANG_WARN_RANGE_LOOP_ANALYSIS = YES;
				CLANG_WARN_STRICT_PROTOTYPES = YES;
				CLANG_WARN_SUSPICIOUS_MOVE = YES;
				CLANG_WARN_UNGUARDED_AVAILABILITY = YES_AGGRESSIVE;
				CLANG_WARN_UNREACHABLE_CODE = YES;
				CLANG_WARN__DUPLICATE_METHOD_MATCH = YES;
				COPY_PHASE_STRIP = NO;
				DEBUG_INFORMATION_FORMAT = dwarf;
				ENABLE_STRICT_OBJC_MSGSEND = YES;
				ENABLE_TESTABILITY = YES;
				GCC_C_LANGUAGE_STANDARD = gnu11;
				GCC_DYNAMIC_NO_PIC = NO;
				GCC_NO_COMMON_BLOCKS = YES;
				GCC_OPTIMIZATION_LEVEL = 0;
				GCC_PREPROCESSOR_DEFINITIONS = (
					"DEBUG=1",
					"$(inherited)",
				);
				GCC_WARN_64_TO_32_BIT_CONVERSION = YES;
				GCC_WARN_ABOUT_RETURN_TYPE = YES_ERROR;
				GCC_WARN_UNDECLARED_SELECTOR = YES;
				GCC_WARN_UNINITIALIZED_AUTOS = YES_AGGRESSIVE;
				GCC_WARN_UNUSED_FUNCTION = YES;
				GCC_WARN_UNUSED_VARIABLE = YES;
				IPHONEOS_DEPLOYMENT_TARGET = 13.2;
				MTL_ENABLE_DEBUG_INFO = INCLUDE_SOURCE;
				MTL_FAST_MATH = YES;
				ONLY_ACTIVE_ARCH = YES;
				SDKROOT = iphoneos;
				SWIFT_ACTIVE_COMPILATION_CONDITIONS = DEBUG;
				SWIFT_OPTIMIZATION_LEVEL = "-Onone";
			};
			name = Debug;
		};
		FAB2A6F12445FD0E00C49E06 /* Release */ = {
			isa = XCBuildConfiguration;
			buildSettings = {
				ALWAYS_SEARCH_USER_PATHS = NO;
				CLANG_ANALYZER_NONNULL = YES;
				CLANG_ANALYZER_NUMBER_OBJECT_CONVERSION = YES_AGGRESSIVE;
				CLANG_CXX_LANGUAGE_STANDARD = "gnu++14";
				CLANG_CXX_LIBRARY = "libc++";
				CLANG_ENABLE_MODULES = YES;
				CLANG_ENABLE_OBJC_ARC = YES;
				CLANG_ENABLE_OBJC_WEAK = YES;
				CLANG_WARN_BLOCK_CAPTURE_AUTORELEASING = YES;
				CLANG_WARN_BOOL_CONVERSION = YES;
				CLANG_WARN_COMMA = YES;
				CLANG_WARN_CONSTANT_CONVERSION = YES;
				CLANG_WARN_DEPRECATED_OBJC_IMPLEMENTATIONS = YES;
				CLANG_WARN_DIRECT_OBJC_ISA_USAGE = YES_ERROR;
				CLANG_WARN_DOCUMENTATION_COMMENTS = YES;
				CLANG_WARN_EMPTY_BODY = YES;
				CLANG_WARN_ENUM_CONVERSION = YES;
				CLANG_WARN_INFINITE_RECURSION = YES;
				CLANG_WARN_INT_CONVERSION = YES;
				CLANG_WARN_NON_LITERAL_NULL_CONVERSION = YES;
				CLANG_WARN_OBJC_IMPLICIT_RETAIN_SELF = YES;
				CLANG_WARN_OBJC_LITERAL_CONVERSION = YES;
				CLANG_WARN_OBJC_ROOT_CLASS = YES_ERROR;
				CLANG_WARN_RANGE_LOOP_ANALYSIS = YES;
				CLANG_WARN_STRICT_PROTOTYPES = YES;
				CLANG_WARN_SUSPICIOUS_MOVE = YES;
				CLANG_WARN_UNGUARDED_AVAILABILITY = YES_AGGRESSIVE;
				CLANG_WARN_UNREACHABLE_CODE = YES;
				CLANG_WARN__DUPLICATE_METHOD_MATCH = YES;
				COPY_PHASE_STRIP = NO;
				DEBUG_INFORMATION_FORMAT = "dwarf-with-dsym";
				ENABLE_NS_ASSERTIONS = NO;
				ENABLE_STRICT_OBJC_MSGSEND = YES;
				GCC_C_LANGUAGE_STANDARD = gnu11;
				GCC_NO_COMMON_BLOCKS = YES;
				GCC_WARN_64_TO_32_BIT_CONVERSION = YES;
				GCC_WARN_ABOUT_RETURN_TYPE = YES_ERROR;
				GCC_WARN_UNDECLARED_SELECTOR = YES;
				GCC_WARN_UNINITIALIZED_AUTOS = YES_AGGRESSIVE;
				GCC_WARN_UNUSED_FUNCTION = YES;
				GCC_WARN_UNUSED_VARIABLE = YES;
				IPHONEOS_DEPLOYMENT_TARGET = 13.2;
				MTL_ENABLE_DEBUG_INFO = NO;
				MTL_FAST_MATH = YES;
				SDKROOT = iphoneos;
				SWIFT_COMPILATION_MODE = wholemodule;
				SWIFT_OPTIMIZATION_LEVEL = "-O";
				VALIDATE_PRODUCT = YES;
			};
			name = Release;
		};
		FAB2A6F32445FD0E00C49E06 /* Debug */ = {
			isa = XCBuildConfiguration;
			buildSettings = {
				ASSETCATALOG_COMPILER_APPICON_NAME = AppIcon;
				CODE_SIGN_STYLE = Automatic;
				DEVELOPMENT_TEAM = WEP9UKL7GT;
				INFOPLIST_FILE = AyuGate/Info.plist;
				IPHONEOS_DEPLOYMENT_TARGET = 11.0;
				LD_RUNPATH_SEARCH_PATHS = (
					"$(inherited)",
					"@executable_path/Frameworks",
				);
				PRODUCT_BUNDLE_IDENTIFIER = com.product.AyuGate;
				PRODUCT_NAME = "$(TARGET_NAME)";
				SWIFT_VERSION = 5.0;
				TARGETED_DEVICE_FAMILY = "1,2";
			};
			name = Debug;
		};
		FAB2A6F42445FD0E00C49E06 /* Release */ = {
			isa = XCBuildConfiguration;
			buildSettings = {
				ASSETCATALOG_COMPILER_APPICON_NAME = AppIcon;
				CODE_SIGN_STYLE = Automatic;
				DEVELOPMENT_TEAM = WEP9UKL7GT;
				INFOPLIST_FILE = AyuGate/Info.plist;
				IPHONEOS_DEPLOYMENT_TARGET = 11.0;
				LD_RUNPATH_SEARCH_PATHS = (
					"$(inherited)",
					"@executable_path/Frameworks",
				);
				PRODUCT_BUNDLE_IDENTIFIER = com.product.AyuGate;
				PRODUCT_NAME = "$(TARGET_NAME)";
				SWIFT_VERSION = 5.0;
				TARGETED_DEVICE_FAMILY = "1,2";
			};
			name = Release;
		};
/* End XCBuildConfiguration section */

/* Begin XCConfigurationList section */
		FAB2A6D92445FD0A00C49E06 /* Build configuration list for PBXProject "AyuGate" */ = {
			isa = XCConfigurationList;
			buildConfigurations = (
				FAB2A6F02445FD0E00C49E06 /* Debug */,
				FAB2A6F12445FD0E00C49E06 /* Release */,
			);
			defaultConfigurationIsVisible = 0;
			defaultConfigurationName = Release;
		};
		FAB2A6F22445FD0E00C49E06 /* Build configuration list for PBXNativeTarget "AyuGate" */ = {
			isa = XCConfigurationList;
			buildConfigurations = (
				FAB2A6F32445FD0E00C49E06 /* Debug */,
				FAB2A6F42445FD0E00C49E06 /* Release */,
			);
			defaultConfigurationIsVisible = 0;
			defaultConfigurationName = Release;
		};
/* End XCConfigurationList section */
	};
	rootObject = FAB2A6D62445FD0A00C49E06 /* Project object */;
}
