PODS:
  - CHIPageControl/Aleppo (0.2)
  - JWTDecode (2.4.1)

DEPENDENCIES:
  - CHIPageControl/Aleppo
  - JWTDecode

SPEC REPOS:
  trunk:
    - CHIPageControl
    - JWTDecode

SPEC CHECKSUMS:
  CHIPageControl: a787bf7205c9b7e7fbfc412be36c5e8636b68f86
  JWTDecode: 4bd4da0cdf0f8154fd467fa48499f34ec057fb88

PODFILE CHECKSUM: c86525565ef00773aea516fc19498b55c1d62626

COCOAPODS: 1.8.4
